download_data:
  cmd: 'mkdir -p .data && wget http://data.statmt.org/news-commentary/v14/training/news-commentary-v14.en-ru.tsv.gz
    --output-document=.data/news-commentary-v14.en-ru.tsv.gz '
  outs:
  - path: .data/news-commentary-v14.en-ru.tsv.gz
    md5: c25523c3f16878530ce4dd154593fb92
    size: 41411245
extract_data:
  cmd: gunzip -c .data/news-commentary-v14.en-ru.tsv.gz > .data/news-commentary-v14.en-ru.tsv
  deps:
  - path: .data/news-commentary-v14.en-ru.tsv.gz
    md5: c25523c3f16878530ce4dd154593fb92
    size: 41411245
  outs:
  - path: .data/news-commentary-v14.en-ru.tsv
    md5: d251228dc9cd66d49ccd5377d322ad53
    size: 125093461
src_trg_split_dataset:
  cmd: python datamodules/split_data.py --file .data/news-commentary-v14.en-ru.tsv
    --src-out-file .data/SRC_news-commentary-v14.en-ru.tsv --trg-out-file .data/TRG_news-commentary-v14.en-ru.tsv
  deps:
  - path: .data/news-commentary-v14.en-ru.tsv
    md5: d251228dc9cd66d49ccd5377d322ad53
    size: 125093461
  outs:
  - path: .data/SRC_news-commentary-v14.en-ru.tsv
    md5: 3aa4e8c7a3db0868a98a90605272a50b
    size: 41132782
  - path: .data/TRG_news-commentary-v14.en-ru.tsv
    md5: 93b50aa44cbfc1b006cf1f2683793d52
    size: 82769625
